
Microsoft Visual Studio Solution File, Format Version 12.00
# Visual Studio Version 17
VisualStudioVersion = 17.11.35219.272
MinimumVisualStudioVersion = 10.0.40219.1
Project("{FAE04EC0-301F-11D3-BF4B-00C04F79EFBC}") = "ReservaVehiculos", "ReservaVehiculos\ReservaVehiculos.csproj", "{A7640518-CAC4-4942-8204-49BAD4056F7D}"
EndProject
Global
	GlobalSection(SolutionConfigurationPlatforms) = preSolution
		Debug|Any CPU = Debug|Any CPU
		Release|Any CPU = Release|Any CPU
	EndGlobalSection
	GlobalSection(ProjectConfigurationPlatforms) = postSolution
		{A7640518-CAC4-4942-8204-49BAD4056F7D}.Debug|Any CPU.ActiveCfg = Debug|Any CPU
		{A7640518-CAC4-4942-8204-49BAD4056F7D}.Debug|Any CPU.Build.0 = Debug|Any CPU
		{A7640518-CAC4-4942-8204-49BAD4056F7D}.Release|Any CPU.ActiveCfg = Release|Any CPU
		{A7640518-CAC4-4942-8204-49BAD4056F7D}.Release|Any CPU.Build.0 = Release|Any CPU
	EndGlobalSection
	GlobalSection(SolutionProperties) = preSolution
		HideSolutionNode = FALSE
	EndGlobalSection
	GlobalSection(ExtensibilityGlobals) = postSolution
		SolutionGuid = {501E3BFE-CB8B-4ADA-AA31-A238B1883258}
	EndGlobalSection
EndGlobal
